
Microsoft Visual Studio Solution File, Format Version 12.00
# Visual Studio Version 16
VisualStudioVersion = 16.0.30804.86
MinimumVisualStudioVersion = 10.0.40219.1
Project("{FAE04EC0-301F-11D3-BF4B-00C04F79EFBC}") = "MoocDownloader.Shared", "MoocDownloader.Shared\MoocDownloader.Shared.csproj", "{01438297-FF72-4485-881B-B0A0801CB477}"
EndProject
Project("{FAE04EC0-301F-11D3-BF4B-00C04F79EFBC}") = "MoocDownloader.WinForm", "MoocDownloader.WinForm\MoocDownloader.WinForm.csproj", "{5AC0C72C-CAF1-4EB4-8FC9-1A95459F29DD}"
EndProject
Global
	GlobalSection(SolutionConfigurationPlatforms) = preSolution
		Debug|Any CPU = Debug|Any CPU
		Release|Any CPU = Release|Any CPU
	EndGlobalSection
	GlobalSection(ProjectConfigurationPlatforms) = postSolution
		{01438297-FF72-4485-881B-B0A0801CB477}.Debug|Any CPU.ActiveCfg = Debug|Any CPU
		{01438297-FF72-4485-881B-B0A0801CB477}.Debug|Any CPU.Build.0 = Debug|Any CPU
		{01438297-FF72-4485-881B-B0A0801CB477}.Release|Any CPU.ActiveCfg = Release|Any CPU
		{01438297-FF72-4485-881B-B0A0801CB477}.Release|Any CPU.Build.0 = Release|Any CPU
		{5AC0C72C-CAF1-4EB4-8FC9-1A95459F29DD}.Debug|Any CPU.ActiveCfg = Debug|Any CPU
		{5AC0C72C-CAF1-4EB4-8FC9-1A95459F29DD}.Debug|Any CPU.Build.0 = Debug|Any CPU
		{5AC0C72C-CAF1-4EB4-8FC9-1A95459F29DD}.Release|Any CPU.ActiveCfg = Release|Any CPU
		{5AC0C72C-CAF1-4EB4-8FC9-1A95459F29DD}.Release|Any CPU.Build.0 = Release|Any CPU
	EndGlobalSection
	GlobalSection(SolutionProperties) = preSolution
		HideSolutionNode = FALSE
	EndGlobalSection
	GlobalSection(ExtensibilityGlobals) = postSolution
		SolutionGuid = {3C2DC15E-B703-4C57-8349-BBBE8F1A174E}
	EndGlobalSection
EndGlobal
